
Microsoft Visual Studio Solution File, Format Version 12.00
Project("{FAE04EC0-301F-11D3-BF4B-00C04F79EFBC}") = "DAL", "DAL\DAL.csproj", "{BDAC9FFA-4DCA-4CE7-A3BB-0777CA532080}"
EndProject
Project("{FAE04EC0-301F-11D3-BF4B-00C04F79EFBC}") = "multiplyChoiceTainer", "UI\multiplyChoiceTainer.csproj", "{999F3959-E607-497D-806E-3E5DA4F34F4D}"
EndProject
Project("{FAE04EC0-301F-11D3-BF4B-00C04F79EFBC}") = "BL", "BL\BL.csproj", "{029A45FC-853F-4A33-B3F8-D0E24429287D}"
EndProject
Global
	GlobalSection(SolutionConfigurationPlatforms) = preSolution
		Debug|Any CPU = Debug|Any CPU
		Release|Any CPU = Release|Any CPU
	EndGlobalSection
	GlobalSection(ProjectConfigurationPlatforms) = postSolution
		{BDAC9FFA-4DCA-4CE7-A3BB-0777CA532080}.Debug|Any CPU.ActiveCfg = Debug|Any CPU
		{BDAC9FFA-4DCA-4CE7-A3BB-0777CA532080}.Debug|Any CPU.Build.0 = Debug|Any CPU
		{BDAC9FFA-4DCA-4CE7-A3BB-0777CA532080}.Release|Any CPU.ActiveCfg = Release|Any CPU
		{BDAC9FFA-4DCA-4CE7-A3BB-0777CA532080}.Release|Any CPU.Build.0 = Release|Any CPU
		{999F3959-E607-497D-806E-3E5DA4F34F4D}.Debug|Any CPU.ActiveCfg = Debug|Any CPU
		{999F3959-E607-497D-806E-3E5DA4F34F4D}.Debug|Any CPU.Build.0 = Debug|Any CPU
		{999F3959-E607-497D-806E-3E5DA4F34F4D}.Release|Any CPU.ActiveCfg = Release|Any CPU
		{999F3959-E607-497D-806E-3E5DA4F34F4D}.Release|Any CPU.Build.0 = Release|Any CPU
		{029A45FC-853F-4A33-B3F8-D0E24429287D}.Debug|Any CPU.ActiveCfg = Debug|Any CPU
		{029A45FC-853F-4A33-B3F8-D0E24429287D}.Debug|Any CPU.Build.0 = Debug|Any CPU
		{029A45FC-853F-4A33-B3F8-D0E24429287D}.Release|Any CPU.ActiveCfg = Release|Any CPU
		{029A45FC-853F-4A33-B3F8-D0E24429287D}.Release|Any CPU.Build.0 = Release|Any CPU
	EndGlobalSection
EndGlobal
